<?xml version="1.0" encoding="utf-8"?>
<Project ToolsVersion="4.0" xmlns="http://schemas.microsoft.com/developer/msbuild/2003">
  <ItemGroup>
    <ClInclude Include="geunLoadScenes.h">
      <Filter>Scenes</Filter>
    </ClInclude>
    <ClInclude Include="geunPlayScene.h">
      <Filter>Scenes</Filter>
    </ClInclude>
    <ClInclude Include="geunPlayer.h">
      <Filter>Contents</Filter>
    </ClInclude>
    <ClInclude Include="geunTitleScene.h">
      <Filter>Scenes</Filter>
    </ClInclude>
    <ClInclude Include="geunEndScene.h">
      <Filter>Scenes</Filter>
    </ClInclude>
    <ClInclude Include="geunLoadResources.h" />
    <ClInclude Include="geunPlayerScript.h">
      <Filter>Scripts</Filter>
    </ClInclude>
  </ItemGroup>
  <ItemGroup>
    <Filter Include="Scenes">
      <UniqueIdentifier>{17454e0e-542e-4604-8c6b-1306ce13b0df}</UniqueIdentifier>
    </Filter>
    <Filter Include="Contents">
      <UniqueIdentifier>{e57dfcb4-005b-4145-831b-6f7ecd573308}</UniqueIdentifier>
    </Filter>
    <Filter Include="Scripts">
      <UniqueIdentifier>{8b0d846d-72c3-4b68-b5a1-ddbfaa891106}</UniqueIdentifier>
    </Filter>
  </ItemGroup>
  <ItemGroup>
    <ClCompile Include="geunPlayScene.cpp">
      <Filter>Scenes</Filter>
    </ClCompile>
    <ClCompile Include="geunPlayer.cpp">
      <Filter>Contents</Filter>
    </ClCompile>
    <ClCompile Include="geunTitleScene.cpp">
      <Filter>Scenes</Filter>
    </ClCompile>
    <ClCompile Include="geunEndScene.cpp">
      <Filter>Scenes</Filter>
    </ClCompile>
    <ClCompile Include="geunPlayerScript.cpp">
      <Filter>Scripts</Filter>
    </ClCompile>
  </ItemGroup>
  <ItemGroup>
    <None Include="ClassDiagram1.cd" />
    <None Include="ClassDiagram11.cd" />
  </ItemGroup>
</Project>